
Microsoft Visual Studio Solution File, Format Version 12.00
# Visual Studio Version 17
VisualStudioVersion = 17.0.31903.59
MinimumVisualStudioVersion = 10.0.40219.1
Project("{FAE04EC0-301F-11D3-BF4B-00C04F79EFBC}") = "EventManagement.DAL", "EventManagement.DAL\EventManagement.DAL.csproj", "{FF769556-D533-4AE4-B620-6EC947ACCD38}"
EndProject
Project("{FAE04EC0-301F-11D3-BF4B-00C04F79EFBC}") = "EventManagement.AppUI", "EventManagement.AppUI\EventManagement.AppUI.csproj", "{739C9C05-D7F0-4692-912D-49A9F62EEB41}"
EndProject
Global
	GlobalSection(SolutionConfigurationPlatforms) = preSolution
		Debug|Any CPU = Debug|Any CPU
		Release|Any CPU = Release|Any CPU
	EndGlobalSection
	GlobalSection(SolutionProperties) = preSolution
		HideSolutionNode = FALSE
	EndGlobalSection
	GlobalSection(ProjectConfigurationPlatforms) = postSolution
		{FF769556-D533-4AE4-B620-6EC947ACCD38}.Debug|Any CPU.ActiveCfg = Debug|Any CPU
		{FF769556-D533-4AE4-B620-6EC947ACCD38}.Debug|Any CPU.Build.0 = Debug|Any CPU
		{FF769556-D533-4AE4-B620-6EC947ACCD38}.Release|Any CPU.ActiveCfg = Release|Any CPU
		{FF769556-D533-4AE4-B620-6EC947ACCD38}.Release|Any CPU.Build.0 = Release|Any CPU
		{739C9C05-D7F0-4692-912D-49A9F62EEB41}.Debug|Any CPU.ActiveCfg = Debug|Any CPU
		{739C9C05-D7F0-4692-912D-49A9F62EEB41}.Debug|Any CPU.Build.0 = Debug|Any CPU
		{739C9C05-D7F0-4692-912D-49A9F62EEB41}.Release|Any CPU.ActiveCfg = Release|Any CPU
		{739C9C05-D7F0-4692-912D-49A9F62EEB41}.Release|Any CPU.Build.0 = Release|Any CPU
	EndGlobalSection
EndGlobal
